
Microsoft Visual Studio Solution File, Format Version 12.00
# Visual Studio Version 16
VisualStudioVersion = 16.0.29721.120
MinimumVisualStudioVersion = 10.0.40219.1
Project("{FAE04EC0-301F-11D3-BF4B-00C04F79EFBC}") = "Bowling", "BowlingTddKata\Bowling.csproj", "{0BB8D98D-029D-493A-84C4-ECACDF7FE0B9}"
EndProject
Project("{FAE04EC0-301F-11D3-BF4B-00C04F79EFBC}") = "Bowling.Tests", "BowlingTests\Bowling.Tests.csproj", "{B24F62DC-1499-4E18-BDF7-51F3BC28CCAA}"
EndProject
Global
	GlobalSection(SolutionConfigurationPlatforms) = preSolution
		Debug|Any CPU = Debug|Any CPU
		Release|Any CPU = Release|Any CPU
	EndGlobalSection
	GlobalSection(ProjectConfigurationPlatforms) = postSolution
		{0BB8D98D-029D-493A-84C4-ECACDF7FE0B9}.Debug|Any CPU.ActiveCfg = Debug|Any CPU
		{0BB8D98D-029D-493A-84C4-ECACDF7FE0B9}.Debug|Any CPU.Build.0 = Debug|Any CPU
		{0BB8D98D-029D-493A-84C4-ECACDF7FE0B9}.Release|Any CPU.ActiveCfg = Release|Any CPU
		{0BB8D98D-029D-493A-84C4-ECACDF7FE0B9}.Release|Any CPU.Build.0 = Release|Any CPU
		{B24F62DC-1499-4E18-BDF7-51F3BC28CCAA}.Debug|Any CPU.ActiveCfg = Debug|Any CPU
		{B24F62DC-1499-4E18-BDF7-51F3BC28CCAA}.Debug|Any CPU.Build.0 = Debug|Any CPU
		{B24F62DC-1499-4E18-BDF7-51F3BC28CCAA}.Release|Any CPU.ActiveCfg = Release|Any CPU
		{B24F62DC-1499-4E18-BDF7-51F3BC28CCAA}.Release|Any CPU.Build.0 = Release|Any CPU
	EndGlobalSection
	GlobalSection(SolutionProperties) = preSolution
		HideSolutionNode = FALSE
	EndGlobalSection
	GlobalSection(ExtensibilityGlobals) = postSolution
		SolutionGuid = {124AB05A-3168-451F-B9C1-1D767F6AE2C9}
	EndGlobalSection
EndGlobal
